// !$*UTF8*$!
{
	archiveVersion = 1;
	classes = {
	};
	objectVersion = 46;
	objects = {

/* Begin PBXBuildFile section */
		AADF4C371C285196000E3CDF /* main.m in Sources */ = {isa = PBXBuildFile; fileRef = AADF4C361C285196000E3CDF /* main.m */; };
		AADF4C3A1C285196000E3CDF /* AppDelegate.m in Sources */ = {isa = PBXBuildFile; fileRef = AADF4C391C285196000E3CDF /* AppDelegate.m */; };
		AADF4C3D1C285196000E3CDF /* RecentViewsTableViewController.m in Sources */ = {isa = PBXBuildFile; fileRef = AADF4C3C1C285196000E3CDF /* RecentViewsTableViewController.m */; };
		AADF4C401C285196000E3CDF /* Main.storyboard in Resources */ = {isa = PBXBuildFile; fileRef = AADF4C3E1C285196000E3CDF /* Main.storyboard */; };
		AADF4C421C285196000E3CDF /* Assets.xcassets in Resources */ = {isa = PBXBuildFile; fileRef = AADF4C411C285196000E3CDF /* Assets.xcassets */; };
		AADF4C451C285196000E3CDF /* LaunchScreen.storyboard in Resources */ = {isa = PBXBuildFile; fileRef = AADF4C431C285196000E3CDF /* LaunchScreen.storyboard */; };
		AADF4C501C2853C2000E3CDF /* FlickrFetcher.m in Sources */ = {isa = PBXBuildFile; fileRef = AADF4C4F1C2853C2000E3CDF /* FlickrFetcher.m */; };
		AADF4C551C285871000E3CDF /* TopPlacesTableViewController.m in Sources */ = {isa = PBXBuildFile; fileRef = AADF4C541C285871000E3CDF /* TopPlacesTableViewController.m */; };
		AADF4C581C3188A7000E3CDF /* PlacesPhotoTableViewController.m in Sources */ = {isa = PBXBuildFile; fileRef = AADF4C571C3188A7000E3CDF /* PlacesPhotoTableViewController.m */; };
		AADF4C5B1C33D92F000E3CDF /* ImageViewController.m in Sources */ = {isa = PBXBuildFile; fileRef = AADF4C5A1C33D92F000E3CDF /* ImageViewController.m */; };
		AADF4C611C371DEC000E3CDF /* UserDefaultsSaver.m in Sources */ = {isa = PBXBuildFile; fileRef = AADF4C601C371DEC000E3CDF /* UserDefaultsSaver.m */; };
/* End PBXBuildFile section */

/* Begin PBXFileReference section */
		AADF4C321C285196000E3CDF /* TopPlaces.app */ = {isa = PBXFileReference; explicitFileType = wrapper.application; includeInIndex = 0; path = TopPlaces.app; sourceTree = BUILT_PRODUCTS_DIR; };
		AADF4C361C285196000E3CDF /* main.m */ = {isa = PBXFileReference; lastKnownFileType = sourcecode.c.objc; path = main.m; sourceTree = "<group>"; };
		AADF4C381C285196000E3CDF /* AppDelegate.h */ = {isa = PBXFileReference; lastKnownFileType = sourcecode.c.h; path = AppDelegate.h; sourceTree = "<group>"; };
		AADF4C391C285196000E3CDF /* AppDelegate.m */ = {isa = PBXFileReference; lastKnownFileType = sourcecode.c.objc; path = AppDelegate.m; sourceTree = "<group>"; };
		AADF4C3B1C285196000E3CDF /* RecentViewsTableViewController.h */ = {isa = PBXFileReference; lastKnownFileType = sourcecode.c.h; path = RecentViewsTableViewController.h; sourceTree = "<group>"; };
		AADF4C3C1C285196000E3CDF /* RecentViewsTableViewController.m */ = {isa = PBXFileReference; lastKnownFileType = sourcecode.c.objc; path = RecentViewsTableViewController.m; sourceTree = "<group>"; };
		AADF4C3F1C285196000E3CDF /* Base */ = {isa = PBXFileReference; lastKnownFileType = file.storyboard; name = Base; path = Base.lproj/Main.storyboard; sourceTree = "<group>"; };
		AADF4C411C285196000E3CDF /* Assets.xcassets */ = {isa = PBXFileReference; lastKnownFileType = folder.assetcatalog; path = Assets.xcassets; sourceTree = "<group>"; };
		AADF4C441C285196000E3CDF /* Base */ = {isa = PBXFileReference; lastKnownFileType = file.storyboard; name = Base; path = Base.lproj/LaunchScreen.storyboard; sourceTree = "<group>"; };
		AADF4C461C285196000E3CDF /* Info.plist */ = {isa = PBXFileReference; lastKnownFileType = text.plist.xml; path = Info.plist; sourceTree = "<group>"; };
		AADF4C4D1C2853C2000E3CDF /* FlickrAPIKey.h */ = {isa = PBXFileReference; fileEncoding = 4; lastKnownFileType = sourcecode.c.h; path = FlickrAPIKey.h; sourceTree = "<group>"; };
		AADF4C4E1C2853C2000E3CDF /* FlickrFetcher.h */ = {isa = PBXFileReference; fileEncoding = 4; lastKnownFileType = sourcecode.c.h; path = FlickrFetcher.h; sourceTree = "<group>"; };
		AADF4C4F1C2853C2000E3CDF /* FlickrFetcher.m */ = {isa = PBXFileReference; fileEncoding = 4; lastKnownFileType = sourcecode.c.objc; path = FlickrFetcher.m; sourceTree = "<group>"; };
		AADF4C531C285871000E3CDF /* TopPlacesTableViewController.h */ = {isa = PBXFileReference; fileEncoding = 4; lastKnownFileType = sourcecode.c.h; path = TopPlacesTableViewController.h; sourceTree = "<group>"; };
		AADF4C541C285871000E3CDF /* TopPlacesTableViewController.m */ = {isa = PBXFileReference; fileEncoding = 4; lastKnownFileType = sourcecode.c.objc; path = TopPlacesTableViewController.m; sourceTree = "<group>"; };
		AADF4C561C3188A7000E3CDF /* PlacesPhotoTableViewController.h */ = {isa = PBXFileReference; fileEncoding = 4; lastKnownFileType = sourcecode.c.h; path = PlacesPhotoTableViewController.h; sourceTree = "<group>"; };
		AADF4C571C3188A7000E3CDF /* PlacesPhotoTableViewController.m */ = {isa = PBXFileReference; fileEncoding = 4; lastKnownFileType = sourcecode.c.objc; path = PlacesPhotoTableViewController.m; sourceTree = "<group>"; };
		AADF4C591C33D92F000E3CDF /* ImageViewController.h */ = {isa = PBXFileReference; fileEncoding = 4; lastKnownFileType = sourcecode.c.h; path = ImageViewController.h; sourceTree = "<group>"; };
		AADF4C5A1C33D92F000E3CDF /* ImageViewController.m */ = {isa = PBXFileReference; fileEncoding = 4; lastKnownFileType = sourcecode.c.objc; path = ImageViewController.m; sourceTree = "<group>"; };
		AADF4C5F1C371DEC000E3CDF /* UserDefaultsSaver.h */ = {isa = PBXFileReference; fileEncoding = 4; lastKnownFileType = sourcecode.c.h; name = UserDefaultsSaver.h; path = Model/UserDefaultsSaver.h; sourceTree = "<group>"; };
		AADF4C601C371DEC000E3CDF /* UserDefaultsSaver.m */ = {isa = PBXFileReference; fileEncoding = 4; lastKnownFileType = sourcecode.c.objc; name = UserDefaultsSaver.m; path = Model/UserDefaultsSaver.m; sourceTree = "<group>"; };
/* End PBXFileReference section */

/* Begin PBXFrameworksBuildPhase section */
		AADF4C2F1C285196000E3CDF /* Frameworks */ = {
			isa = PBXFrameworksBuildPhase;
			buildActionMask = 2147483647;
			files = (
			);
			runOnlyForDeploymentPostprocessing = 0;
		};
/* End PBXFrameworksBuildPhase section */

/* Begin PBXGroup section */
		AADF4C291C285196000E3CDF = {
			isa = PBXGroup;
			children = (
				AADF4C341C285196000E3CDF /* TopPlaces */,
				AADF4C331C285196000E3CDF /* Products */,
			);
			sourceTree = "<group>";
		};
		AADF4C331C285196000E3CDF /* Products */ = {
			isa = PBXGroup;
			children = (
				AADF4C321C285196000E3CDF /* TopPlaces.app */,
			);
			name = Products;
			sourceTree = "<group>";
		};
		AADF4C341C285196000E3CDF /* TopPlaces */ = {
			isa = PBXGroup;
			children = (
				AADF4C531C285871000E3CDF /* TopPlacesTableViewController.h */,
				AADF4C541C285871000E3CDF /* TopPlacesTableViewController.m */,
				AADF4C561C3188A7000E3CDF /* PlacesPhotoTableViewController.h */,
				AADF4C571C3188A7000E3CDF /* PlacesPhotoTableViewController.m */,
				AADF4C591C33D92F000E3CDF /* ImageViewController.h */,
				AADF4C5A1C33D92F000E3CDF /* ImageViewController.m */,
				AADF4C3B1C285196000E3CDF /* RecentViewsTableViewController.h */,
				AADF4C3C1C285196000E3CDF /* RecentViewsTableViewController.m */,
				AADF4C3E1C285196000E3CDF /* Main.storyboard */,
				AADF4C411C285196000E3CDF /* Assets.xcassets */,
				AADF4C431C285196000E3CDF /* LaunchScreen.storyboard */,
				AADF4C461C285196000E3CDF /* Info.plist */,
				AADF4C4C1C285343000E3CDF /* Model */,
				AADF4C351C285196000E3CDF /* Supporting Files */,
			);
			path = TopPlaces;
			sourceTree = "<group>";
		};
		AADF4C351C285196000E3CDF /* Supporting Files */ = {
			isa = PBXGroup;
			children = (
				AADF4C381C285196000E3CDF /* AppDelegate.h */,
				AADF4C391C285196000E3CDF /* AppDelegate.m */,
				AADF4C361C285196000E3CDF /* main.m */,
			);
			name = "Supporting Files";
			sourceTree = "<group>";
		};
		AADF4C4C1C285343000E3CDF /* Model */ = {
			isa = PBXGroup;
			children = (
				AADF4C4D1C2853C2000E3CDF /* FlickrAPIKey.h */,
				AADF4C4E1C2853C2000E3CDF /* FlickrFetcher.h */,
				AADF4C4F1C2853C2000E3CDF /* FlickrFetcher.m */,
				AADF4C5F1C371DEC000E3CDF /* UserDefaultsSaver.h */,
				AADF4C601C371DEC000E3CDF /* UserDefaultsSaver.m */,
			);
			name = Model;
			sourceTree = "<group>";
		};
/* End PBXGroup section */

/* Begin PBXNativeTarget section */
		AADF4C311C285196000E3CDF /* TopPlaces */ = {
			isa = PBXNativeTarget;
			buildConfigurationList = AADF4C491C285196000E3CDF /* Build configuration list for PBXNativeTarget "TopPlaces" */;
			buildPhases = (
				AADF4C2E1C285196000E3CDF /* Sources */,
				AADF4C2F1C285196000E3CDF /* Frameworks */,
				AADF4C301C285196000E3CDF /* Resources */,
			);
			buildRules = (
			);
			dependencies = (
			);
			name = TopPlaces;
			productName = TopPlaces;
			productReference = AADF4C321C285196000E3CDF /* TopPlaces.app */;
			productType = "com.apple.product-type.application";
		};
/* End PBXNativeTarget section */

/* Begin PBXProject section */
		AADF4C2A1C285196000E3CDF /* Project object */ = {
			isa = PBXProject;
			attributes = {
				LastUpgradeCheck = 0710;
				ORGANIZATIONNAME = "Hegyi Hajnalka";
				TargetAttributes = {
					AADF4C311C285196000E3CDF = {
						CreatedOnToolsVersion = 7.1.1;
					};
				};
			};
			buildConfigurationList = AADF4C2D1C285196000E3CDF /* Build configuration list for PBXProject "TopPlaces" */;
			compatibilityVersion = "Xcode 3.2";
			developmentRegion = English;
			hasScannedForEncodings = 0;
			knownRegions = (
				en,
				Base,
			);
			mainGroup = AADF4C291C285196000E3CDF;
			productRefGroup = AADF4C331C285196000E3CDF /* Products */;
			projectDirPath = "";
			projectRoot = "";
			targets = (
				AADF4C311C285196000E3CDF /* TopPlaces */,
			);
		};
/* End PBXProject section */

/* Begin PBXResourcesBuildPhase section */
		AADF4C301C285196000E3CDF /* Resources */ = {
			isa = PBXResourcesBuildPhase;
			buildActionMask = 2147483647;
			files = (
				AADF4C451C285196000E3CDF /* LaunchScreen.storyboard in Resources */,
				AADF4C421C285196000E3CDF /* Assets.xcassets in Resources */,
				AADF4C401C285196000E3CDF /* Main.storyboard in Resources */,
			);
			runOnlyForDeploymentPostprocessing = 0;
		};
/* End PBXResourcesBuildPhase section */

/* Begin PBXSourcesBuildPhase section */
		AADF4C2E1C285196000E3CDF /* Sources */ = {
			isa = PBXSourcesBuildPhase;
			buildActionMask = 2147483647;
			files = (
				AADF4C551C285871000E3CDF /* TopPlacesTableViewController.m in Sources */,
				AADF4C3D1C285196000E3CDF /* RecentViewsTableViewController.m in Sources */,
				AADF4C3A1C285196000E3CDF /* AppDelegate.m in Sources */,
				AADF4C501C2853C2000E3CDF /* FlickrFetcher.m in Sources */,
				AADF4C581C3188A7000E3CDF /* PlacesPhotoTableViewController.m in Sources */,
				AADF4C5B1C33D92F000E3CDF /* ImageViewController.m in Sources */,
				AADF4C611C371DEC000E3CDF /* UserDefaultsSaver.m in Sources */,
				AADF4C371C285196000E3CDF /* main.m in Sources */,
			);
			runOnlyForDeploymentPostprocessing = 0;
		};
/* End PBXSourcesBuildPhase section */

/* Begin PBXVariantGroup section */
		AADF4C3E1C285196000E3CDF /* Main.storyboard */ = {
			isa = PBXVariantGroup;
			children = (
				AADF4C3F1C285196000E3CDF /* Base */,
			);
			name = Main.storyboard;
			sourceTree = "<group>";
		};
		AADF4C431C285196000E3CDF /* LaunchScreen.storyboard */ = {
			isa = PBXVariantGroup;
			children = (
				AADF4C441C285196000E3CDF /* Base */,
			);
			name = LaunchScreen.storyboard;
			sourceTree = "<group>";
		};
/* End PBXVariantGroup section */

/* Begin XCBuildConfiguration section */
		AADF4C471C285196000E3CDF /* Debug */ = {
			isa = XCBuildConfiguration;
			buildSettings = {
				ALWAYS_SEARCH_USER_PATHS = NO;
				CLANG_CXX_LANGUAGE_STANDARD = "gnu++0x";
				CLANG_CXX_LIBRARY = "libc++";
				CLANG_ENABLE_MODULES = YES;
				CLANG_ENABLE_OBJC_ARC = YES;
				CLANG_WARN_BOOL_CONVERSION = YES;
				CLANG_WARN_CONSTANT_CONVERSION = YES;
				CLANG_WARN_DIRECT_OBJC_ISA_USAGE = YES_ERROR;
				CLANG_WARN_EMPTY_BODY = YES;
				CLANG_WARN_ENUM_CONVERSION = YES;
				CLANG_WARN_INT_CONVERSION = YES;
				CLANG_WARN_OBJC_ROOT_CLASS = YES_ERROR;
				CLANG_WARN_UNREACHABLE_CODE = YES;
				CLANG_WARN__DUPLICATE_METHOD_MATCH = YES;
				"CODE_SIGN_IDENTITY[sdk=iphoneos*]" = "iPhone Developer";
				COPY_PHASE_STRIP = NO;
				DEBUG_INFORMATION_FORMAT = dwarf;
				ENABLE_STRICT_OBJC_MSGSEND = YES;
				ENABLE_TESTABILITY = YES;
				GCC_C_LANGUAGE_STANDARD = gnu99;
				GCC_DYNAMIC_NO_PIC = NO;
				GCC_NO_COMMON_BLOCKS = YES;
				GCC_OPTIMIZATION_LEVEL = 0;
				GCC_PREPROCESSOR_DEFINITIONS = (
					"DEBUG=1",
					"$(inherited)",
				);
				GCC_WARN_64_TO_32_BIT_CONVERSION = YES;
				GCC_WARN_ABOUT_RETURN_TYPE = YES_ERROR;
				GCC_WARN_UNDECLARED_SELECTOR = YES;
				GCC_WARN_UNINITIALIZED_AUTOS = YES_AGGRESSIVE;
				GCC_WARN_UNUSED_FUNCTION = YES;
				GCC_WARN_UNUSED_VARIABLE = YES;
				IPHONEOS_DEPLOYMENT_TARGET = 9.1;
				MTL_ENABLE_DEBUG_INFO = YES;
				ONLY_ACTIVE_ARCH = YES;
				SDKROOT = iphoneos;
				TARGETED_DEVICE_FAMILY = "1,2";
			};
			name = Debug;
		};
		AADF4C481C285196000E3CDF /* Release */ = {
			isa = XCBuildConfiguration;
			buildSettings = {
				ALWAYS_SEARCH_USER_PATHS = NO;
				CLANG_CXX_LANGUAGE_STANDARD = "gnu++0x";
				CLANG_CXX_LIBRARY = "libc++";
				CLANG_ENABLE_MODULES = YES;
				CLANG_ENABLE_OBJC_ARC = YES;
				CLANG_WARN_BOOL_CONVERSION = YES;
				CLANG_WARN_CONSTANT_CONVERSION = YES;
				CLANG_WARN_DIRECT_OBJC_ISA_USAGE = YES_ERROR;
				CLANG_WARN_EMPTY_BODY = YES;
				CLANG_WARN_ENUM_CONVERSION = YES;
				CLANG_WARN_INT_CONVERSION = YES;
				CLANG_WARN_OBJC_ROOT_CLASS = YES_ERROR;
				CLANG_WARN_UNREACHABLE_CODE = YES;
				CLANG_WARN__DUPLICATE_METHOD_MATCH = YES;
				"CODE_SIGN_IDENTITY[sdk=iphoneos*]" = "iPhone Developer";
				COPY_PHASE_STRIP = NO;
				DEBUG_INFORMATION_FORMAT = "dwarf-with-dsym";
				ENABLE_NS_ASSERTIONS = NO;
				ENABLE_STRICT_OBJC_MSGSEND = YES;
				GCC_C_LANGUAGE_STANDARD = gnu99;
				GCC_NO_COMMON_BLOCKS = YES;
				GCC_WARN_64_TO_32_BIT_CONVERSION = YES;
				GCC_WARN_ABOUT_RETURN_TYPE = YES_ERROR;
				GCC_WARN_UNDECLARED_SELECTOR = YES;
				GCC_WARN_UNINITIALIZED_AUTOS = YES_AGGRESSIVE;
				GCC_WARN_UNUSED_FUNCTION = YES;
				GCC_WARN_UNUSED_VARIABLE = YES;
				IPHONEOS_DEPLOYMENT_TARGET = 9.1;
				MTL_ENABLE_DEBUG_INFO = NO;
				SDKROOT = iphoneos;
				TARGETED_DEVICE_FAMILY = "1,2";
				VALIDATE_PRODUCT = YES;
			};
			name = Release;
		};
		AADF4C4A1C285196000E3CDF /* Debug */ = {
			isa = XCBuildConfiguration;
			buildSettings = {
				ASSETCATALOG_COMPILER_APPICON_NAME = AppIcon;
				INFOPLIST_FILE = TopPlaces/Info.plist;
				LD_RUNPATH_SEARCH_PATHS = "$(inherited) @executable_path/Frameworks";
				PRODUCT_BUNDLE_IDENTIFIER = edu.misys.hajhegyi.TopPlaces;
				PRODUCT_NAME = "$(TARGET_NAME)";
				TARGETED_DEVICE_FAMILY = "1,2";
			};
			name = Debug;
		};
		AADF4C4B1C285196000E3CDF /* Release */ = {
			isa = XCBuildConfiguration;
			buildSettings = {
				ASSETCATALOG_COMPILER_APPICON_NAME = AppIcon;
				INFOPLIST_FILE = TopPlaces/Info.plist;
				LD_RUNPATH_SEARCH_PATHS = "$(inherited) @executable_path/Frameworks";
				PRODUCT_BUNDLE_IDENTIFIER = edu.misys.hajhegyi.TopPlaces;
				PRODUCT_NAME = "$(TARGET_NAME)";
				TARGETED_DEVICE_FAMILY = "1,2";
			};
			name = Release;
		};
/* End XCBuildConfiguration section */

/* Begin XCConfigurationList section */
		AADF4C2D1C285196000E3CDF /* Build configuration list for PBXProject "TopPlaces" */ = {
			isa = XCConfigurationList;
			buildConfigurations = (
				AADF4C471C285196000E3CDF /* Debug */,
				AADF4C481C285196000E3CDF /* Release */,
			);
			defaultConfigurationIsVisible = 0;
			defaultConfigurationName = Release;
		};
		AADF4C491C285196000E3CDF /* Build configuration list for PBXNativeTarget "TopPlaces" */ = {
			isa = XCConfigurationList;
			buildConfigurations = (
				AADF4C4A1C285196000E3CDF /* Debug */,
				AADF4C4B1C285196000E3CDF /* Release */,
			);
			defaultConfigurationIsVisible = 0;
		};
/* End XCConfigurationList section */
	};
	rootObject = AADF4C2A1C285196000E3CDF /* Project object */;
}
